
Microsoft Visual Studio Solution File, Format Version 12.00
# Visual Studio Version 17
VisualStudioVersion = 17.8.34601.278
MinimumVisualStudioVersion = 10.0.40219.1
Project("{FAE04EC0-301F-11D3-BF4B-00C04F79EFBC}") = "Training", "Training.csproj", "{83C20753-7671-4DB6-833B-71358DD80CD7}"
EndProject
Global
	GlobalSection(SolutionConfigurationPlatforms) = preSolution
		Debug|Any CPU = Debug|Any CPU
		Release|Any CPU = Release|Any CPU
	EndGlobalSection
	GlobalSection(ProjectConfigurationPlatforms) = postSolution
		{83C20753-7671-4DB6-833B-71358DD80CD7}.Debug|Any CPU.ActiveCfg = Debug|Any CPU
		{83C20753-7671-4DB6-833B-71358DD80CD7}.Debug|Any CPU.Build.0 = Debug|Any CPU
		{83C20753-7671-4DB6-833B-71358DD80CD7}.Debug|Any CPU.Deploy.0 = Debug|Any CPU
		{83C20753-7671-4DB6-833B-71358DD80CD7}.Release|Any CPU.ActiveCfg = Release|Any CPU
		{83C20753-7671-4DB6-833B-71358DD80CD7}.Release|Any CPU.Build.0 = Release|Any CPU
		{83C20753-7671-4DB6-833B-71358DD80CD7}.Release|Any CPU.Deploy.0 = Release|Any CPU
	EndGlobalSection
	GlobalSection(SolutionProperties) = preSolution
		HideSolutionNode = FALSE
	EndGlobalSection
	GlobalSection(ExtensibilityGlobals) = postSolution
		SolutionGuid = {3BC0B7B3-619F-4619-88BE-42DF8EAD1F92}
	EndGlobalSection
EndGlobal
